
Microsoft Visual Studio Solution File, Format Version 12.00
# Visual Studio Version 17
VisualStudioVersion = 17.10.35027.167
MinimumVisualStudioVersion = 10.0.40219.1
Project("{9A19103F-16F7-4668-BE54-9A1E7A4F7556}") = "Elasticsearch.API", "Elasticsearch.API\Elasticsearch.API.csproj", "{5935DF22-F4FE-4D8F-B83D-0C45A4C4EC5E}"
EndProject
Project("{FAE04EC0-301F-11D3-BF4B-00C04F79EFBC}") = "Elasticsearch.Web", "Elasticsearch.Web\Elasticsearch.Web.csproj", "{E766C76E-0AB1-4074-BF71-22BEF45944FB}"
EndProject
Global
	GlobalSection(SolutionConfigurationPlatforms) = preSolution
		Debug|Any CPU = Debug|Any CPU
		Release|Any CPU = Release|Any CPU
	EndGlobalSection
	GlobalSection(ProjectConfigurationPlatforms) = postSolution
		{5935DF22-F4FE-4D8F-B83D-0C45A4C4EC5E}.Debug|Any CPU.ActiveCfg = Debug|Any CPU
		{5935DF22-F4FE-4D8F-B83D-0C45A4C4EC5E}.Debug|Any CPU.Build.0 = Debug|Any CPU
		{5935DF22-F4FE-4D8F-B83D-0C45A4C4EC5E}.Release|Any CPU.ActiveCfg = Release|Any CPU
		{5935DF22-F4FE-4D8F-B83D-0C45A4C4EC5E}.Release|Any CPU.Build.0 = Release|Any CPU
		{E766C76E-0AB1-4074-BF71-22BEF45944FB}.Debug|Any CPU.ActiveCfg = Debug|Any CPU
		{E766C76E-0AB1-4074-BF71-22BEF45944FB}.Debug|Any CPU.Build.0 = Debug|Any CPU
		{E766C76E-0AB1-4074-BF71-22BEF45944FB}.Release|Any CPU.ActiveCfg = Release|Any CPU
		{E766C76E-0AB1-4074-BF71-22BEF45944FB}.Release|Any CPU.Build.0 = Release|Any CPU
	EndGlobalSection
	GlobalSection(SolutionProperties) = preSolution
		HideSolutionNode = FALSE
	EndGlobalSection
	GlobalSection(ExtensibilityGlobals) = postSolution
		SolutionGuid = {B153EB54-D8C4-4F02-A63C-CE5CA47308A2}
	EndGlobalSection
EndGlobal
